
Microsoft Visual Studio Solution File, Format Version 12.00
# Visual Studio Version 17
VisualStudioVersion = 17.6.33815.320
MinimumVisualStudioVersion = 10.0.40219.1
Project("{9A19103F-16F7-4668-BE54-9A1E7A4F7556}") = "NetCoreWebApp1", "NetCoreWebApp1\NetCoreWebApp1.csproj", "{2BC1B4E0-250E-4928-AB85-B2B09E68B03B}"
EndProject
Project("{9A19103F-16F7-4668-BE54-9A1E7A4F7556}") = "Entities", "Entites\Entities.csproj", "{C8084817-287A-44C3-95AE-84DDCC9BF4BD}"
EndProject
Project("{FAE04EC0-301F-11D3-BF4B-00C04F79EFBC}") = "BL", "BL\BL.csproj", "{2D4A0080-062A-454D-9260-073D3A0572D8}"
EndProject
Project("{FAE04EC0-301F-11D3-BF4B-00C04F79EFBC}") = "DAL", "DAL\DAL.csproj", "{5D601887-8055-41A7-AB8F-FE1841925605}"
EndProject
Global
	GlobalSection(SolutionConfigurationPlatforms) = preSolution
		Debug|Any CPU = Debug|Any CPU
		Release|Any CPU = Release|Any CPU
	EndGlobalSection
	GlobalSection(ProjectConfigurationPlatforms) = postSolution
		{2BC1B4E0-250E-4928-AB85-B2B09E68B03B}.Debug|Any CPU.ActiveCfg = Debug|Any CPU
		{2BC1B4E0-250E-4928-AB85-B2B09E68B03B}.Debug|Any CPU.Build.0 = Debug|Any CPU
		{2BC1B4E0-250E-4928-AB85-B2B09E68B03B}.Release|Any CPU.ActiveCfg = Release|Any CPU
		{2BC1B4E0-250E-4928-AB85-B2B09E68B03B}.Release|Any CPU.Build.0 = Release|Any CPU
		{C8084817-287A-44C3-95AE-84DDCC9BF4BD}.Debug|Any CPU.ActiveCfg = Debug|Any CPU
		{C8084817-287A-44C3-95AE-84DDCC9BF4BD}.Debug|Any CPU.Build.0 = Debug|Any CPU
		{C8084817-287A-44C3-95AE-84DDCC9BF4BD}.Release|Any CPU.ActiveCfg = Release|Any CPU
		{C8084817-287A-44C3-95AE-84DDCC9BF4BD}.Release|Any CPU.Build.0 = Release|Any CPU
		{2D4A0080-062A-454D-9260-073D3A0572D8}.Debug|Any CPU.ActiveCfg = Debug|Any CPU
		{2D4A0080-062A-454D-9260-073D3A0572D8}.Debug|Any CPU.Build.0 = Debug|Any CPU
		{2D4A0080-062A-454D-9260-073D3A0572D8}.Release|Any CPU.ActiveCfg = Release|Any CPU
		{2D4A0080-062A-454D-9260-073D3A0572D8}.Release|Any CPU.Build.0 = Release|Any CPU
		{5D601887-8055-41A7-AB8F-FE1841925605}.Debug|Any CPU.ActiveCfg = Debug|Any CPU
		{5D601887-8055-41A7-AB8F-FE1841925605}.Debug|Any CPU.Build.0 = Debug|Any CPU
		{5D601887-8055-41A7-AB8F-FE1841925605}.Release|Any CPU.ActiveCfg = Release|Any CPU
		{5D601887-8055-41A7-AB8F-FE1841925605}.Release|Any CPU.Build.0 = Release|Any CPU
	EndGlobalSection
	GlobalSection(SolutionProperties) = preSolution
		HideSolutionNode = FALSE
	EndGlobalSection
	GlobalSection(ExtensibilityGlobals) = postSolution
		SolutionGuid = {F44EB54C-AB5B-4E69-B379-E49EB120CE80}
	EndGlobalSection
EndGlobal
